
Microsoft Visual Studio Solution File, Format Version 12.00
# Visual Studio Version 17
VisualStudioVersion = 17.8.34511.84
MinimumVisualStudioVersion = 10.0.40219.1
Project("{FAE04EC0-301F-11D3-BF4B-00C04F79EFBC}") = "KCK_Project_ Console(Pocket trainer)", "KCK_Project_ Console(Pocket trainer).csproj", "{6C4E7B50-8AA9-4F4D-B2C6-1A58F44999FE}"
EndProject
Global
	GlobalSection(SolutionConfigurationPlatforms) = preSolution
		Debug|Any CPU = Debug|Any CPU
		Release|Any CPU = Release|Any CPU
	EndGlobalSection
	GlobalSection(ProjectConfigurationPlatforms) = postSolution
		{6C4E7B50-8AA9-4F4D-B2C6-1A58F44999FE}.Debug|Any CPU.ActiveCfg = Debug|Any CPU
		{6C4E7B50-8AA9-4F4D-B2C6-1A58F44999FE}.Debug|Any CPU.Build.0 = Debug|Any CPU
		{6C4E7B50-8AA9-4F4D-B2C6-1A58F44999FE}.Release|Any CPU.ActiveCfg = Release|Any CPU
		{6C4E7B50-8AA9-4F4D-B2C6-1A58F44999FE}.Release|Any CPU.Build.0 = Release|Any CPU
	EndGlobalSection
	GlobalSection(SolutionProperties) = preSolution
		HideSolutionNode = FALSE
	EndGlobalSection
	GlobalSection(ExtensibilityGlobals) = postSolution
		SolutionGuid = {30CF98AF-4D1A-4216-BCC1-F878987601E0}
	EndGlobalSection
EndGlobal
